PODS:
  - Flutter (1.0.0)
  - image_picker_ios (0.0.1):
    - Flutter
  - social_sharing_plus (0.0.1):
    - Flutter

DEPENDENCIES:
  - Flutter (from `Flutter`)
  - image_picker_ios (from `.symlinks/plugins/image_picker_ios/ios`)
  - social_sharing_plus (from `.symlinks/plugins/social_sharing_plus/ios`)

EXTERNAL SOURCES:
  Flutter:
    :path: Flutter
  image_picker_ios:
    :path: ".symlinks/plugins/image_picker_ios/ios"
  social_sharing_plus:
    :path: ".symlinks/plugins/social_sharing_plus/ios"

SPEC CHECKSUMS:
  Flutter: cabc95a1d2626b1b06e7179b784ebcf0c0cde467
  image_picker_ios: e0ece4aa2a75771a7de3fa735d26d90817041326
  social_sharing_plus: e6024862e5a4be59ef8c97a93558cba1043628bf

PODFILE CHECKSUM: 01144f57ea96329f67241f1e4266ac71875bebcc

COCOAPODS: 1.16.2
